
Microsoft Visual Studio Solution File, Format Version 12.00
# Visual Studio Version 17
VisualStudioVersion = 17.13.35913.81 d17.13
MinimumVisualStudioVersion = 10.0.40219.1
Project("{FAE04EC0-301F-11D3-BF4B-00C04F79EFBC}") = "WinFormLaundry", "WinFormLaundry\WinFormLaundry.csproj", "{0DE7EF45-06D2-4400-9ECC-F3625339AD12}"
EndProject
Global
	GlobalSection(SolutionConfigurationPlatforms) = preSolution
		Debug|Any CPU = Debug|Any CPU
		Release|Any CPU = Release|Any CPU
	EndGlobalSection
	GlobalSection(ProjectConfigurationPlatforms) = postSolution
		{0DE7EF45-06D2-4400-9ECC-F3625339AD12}.Debug|Any CPU.ActiveCfg = Debug|Any CPU
		{0DE7EF45-06D2-4400-9ECC-F3625339AD12}.Debug|Any CPU.Build.0 = Debug|Any CPU
		{0DE7EF45-06D2-4400-9ECC-F3625339AD12}.Release|Any CPU.ActiveCfg = Release|Any CPU
		{0DE7EF45-06D2-4400-9ECC-F3625339AD12}.Release|Any CPU.Build.0 = Release|Any CPU
	EndGlobalSection
	GlobalSection(SolutionProperties) = preSolution
		HideSolutionNode = FALSE
	EndGlobalSection
	GlobalSection(ExtensibilityGlobals) = postSolution
		SolutionGuid = {A65512CE-5260-450B-BE1C-69A06736A5B7}
	EndGlobalSection
EndGlobal
